// !$*UTF8*$!
{
	archiveVersion = 1;
	classes = {
	};
	objectVersion = 46;
	objects = {

/* Begin PBXBuildFile section */
		53268DEF1E42CBAB0077F29F /* AppDelegate.swift in Sources */ = {isa = PBXBuildFile; fileRef = 53268DEE1E42CBAB0077F29F /* AppDelegate.swift */; };
		53268DF11E42CBAB0077F29F /* ViewController.swift in Sources */ = {isa = PBXBuildFile; fileRef = 53268DF01E42CBAB0077F29F /* ViewController.swift */; };
		53268DF41E42CBAB0077F29F /* Main.storyboard in Resources */ = {isa = PBXBuildFile; fileRef = 53268DF21E42CBAB0077F29F /* Main.storyboard */; };
		53268DF61E42CBAB0077F29F /* Assets.xcassets in Resources */ = {isa = PBXBuildFile; fileRef = 53268DF51E42CBAB0077F29F /* Assets.xcassets */; };
		53268DF91E42CBAB0077F29F /* LaunchScreen.storyboard in Resources */ = {isa = PBXBuildFile; fileRef = 53268DF71E42CBAB0077F29F /* LaunchScreen.storyboard */; };
		53268E011E43B18B0077F29F /* CustomTableViewCell.swift in Sources */ = {isa = PBXBuildFile; fileRef = 53268E001E43B18B0077F29F /* CustomTableViewCell.swift */; };
		53268E031E43C6B60077F29F /* DetailToDoViewController.swift in Sources */ = {isa = PBXBuildFile; fileRef = 53268E021E43C6B60077F29F /* DetailToDoViewController.swift */; };
/* End PBXBuildFile section */

/* Begin PBXFileReference section */
		53268DEB1E42CBAB0077F29F /* ToDoList.app */ = {isa = PBXFileReference; explicitFileType = wrapper.application; includeInIndex = 0; path = ToDoList.app; sourceTree = BUILT_PRODUCTS_DIR; };
		53268DEE1E42CBAB0077F29F /* AppDelegate.swift */ = {isa = PBXFileReference; lastKnownFileType = sourcecode.swift; path = AppDelegate.swift; sourceTree = "<group>"; };
		53268DF01E42CBAB0077F29F /* ViewController.swift */ = {isa = PBXFileReference; lastKnownFileType = sourcecode.swift; path = ViewController.swift; sourceTree = "<group>"; };
		53268DF31E42CBAB0077F29F /* Base */ = {isa = PBXFileReference; lastKnownFileType = file.storyboard; name = Base; path = Base.lproj/Main.storyboard; sourceTree = "<group>"; };
		53268DF51E42CBAB0077F29F /* Assets.xcassets */ = {isa = PBXFileReference; lastKnownFileType = folder.assetcatalog; path = Assets.xcassets; sourceTree = "<group>"; };
		53268DF81E42CBAB0077F29F /* Base */ = {isa = PBXFileReference; lastKnownFileType = file.storyboard; name = Base; path = Base.lproj/LaunchScreen.storyboard; sourceTree = "<group>"; };
		53268DFA1E42CBAB0077F29F /* Info.plist */ = {isa = PBXFileReference; lastKnownFileType = text.plist.xml; path = Info.plist; sourceTree = "<group>"; };
		53268E001E43B18B0077F29F /* CustomTableViewCell.swift */ = {isa = PBXFileReference; fileEncoding = 4; lastKnownFileType = sourcecode.swift; path = CustomTableViewCell.swift; sourceTree = "<group>"; };
		53268E021E43C6B60077F29F /* DetailToDoViewController.swift */ = {isa = PBXFileReference; fileEncoding = 4; lastKnownFileType = sourcecode.swift; path = DetailToDoViewController.swift; sourceTree = "<group>"; };
/* End PBXFileReference section */

/* Begin PBXFrameworksBuildPhase section */
		53268DE81E42CBAB0077F29F /* Frameworks */ = {
			isa = PBXFrameworksBuildPhase;
			buildActionMask = 2147483647;
			files = (
			);
			runOnlyForDeploymentPostprocessing = 0;
		};
/* End PBXFrameworksBuildPhase section */

/* Begin PBXGroup section */
		53268DE21E42CBAB0077F29F = {
			isa = PBXGroup;
			children = (
				53268DED1E42CBAB0077F29F /* ToDoList */,
				53268DEC1E42CBAB0077F29F /* Products */,
			);
			sourceTree = "<group>";
		};
		53268DEC1E42CBAB0077F29F /* Products */ = {
			isa = PBXGroup;
			children = (
				53268DEB1E42CBAB0077F29F /* ToDoList.app */,
			);
			name = Products;
			sourceTree = "<group>";
		};
		53268DED1E42CBAB0077F29F /* ToDoList */ = {
			isa = PBXGroup;
			children = (
				53268DEE1E42CBAB0077F29F /* AppDelegate.swift */,
				53268DF01E42CBAB0077F29F /* ViewController.swift */,
				53268DF21E42CBAB0077F29F /* Main.storyboard */,
				53268DF51E42CBAB0077F29F /* Assets.xcassets */,
				53268DF71E42CBAB0077F29F /* LaunchScreen.storyboard */,
				53268DFA1E42CBAB0077F29F /* Info.plist */,
				53268E001E43B18B0077F29F /* CustomTableViewCell.swift */,
				53268E021E43C6B60077F29F /* DetailToDoViewController.swift */,
			);
			path = ToDoList;
			sourceTree = "<group>";
		};
/* End PBXGroup section */

/* Begin PBXNativeTarget section */
		53268DEA1E42CBAB0077F29F /* ToDoList */ = {
			isa = PBXNativeTarget;
			buildConfigurationList = 53268DFD1E42CBAB0077F29F /* Build configuration list for PBXNativeTarget "ToDoList" */;
			buildPhases = (
				53268DE71E42CBAB0077F29F /* Sources */,
				53268DE81E42CBAB0077F29F /* Frameworks */,
				53268DE91E42CBAB0077F29F /* Resources */,
			);
			buildRules = (
			);
			dependencies = (
			);
			name = ToDoList;
			productName = ToDoList;
			productReference = 53268DEB1E42CBAB0077F29F /* ToDoList.app */;
			productType = "com.apple.product-type.application";
		};
/* End PBXNativeTarget section */

/* Begin PBXProject section */
		53268DE31E42CBAB0077F29F /* Project object */ = {
			isa = PBXProject;
			attributes = {
				LastSwiftUpdateCheck = 0820;
				LastUpgradeCheck = 0820;
				ORGANIZATIONNAME = "Yesha Modi-300895482";
				TargetAttributes = {
					53268DEA1E42CBAB0077F29F = {
						CreatedOnToolsVersion = 8.2.1;
						DevelopmentTeam = 2BULHRS882;
						ProvisioningStyle = Automatic;
					};
				};
			};
			buildConfigurationList = 53268DE61E42CBAB0077F29F /* Build configuration list for PBXProject "ToDoList" */;
			compatibilityVersion = "Xcode 3.2";
			developmentRegion = English;
			hasScannedForEncodings = 0;
			knownRegions = (
				en,
				Base,
			);
			mainGroup = 53268DE21E42CBAB0077F29F;
			productRefGroup = 53268DEC1E42CBAB0077F29F /* Products */;
			projectDirPath = "";
			projectRoot = "";
			targets = (
				53268DEA1E42CBAB0077F29F /* ToDoList */,
			);
		};
/* End PBXProject section */

/* Begin PBXResourcesBuildPhase section */
		53268DE91E42CBAB0077F29F /* Resources */ = {
			isa = PBXResourcesBuildPhase;
			buildActionMask = 2147483647;
			files = (
				53268DF91E42CBAB0077F29F /* LaunchScreen.storyboard in Resources */,
				53268DF61E42CBAB0077F29F /* Assets.xcassets in Resources */,
				53268DF41E42CBAB0077F29F /* Main.storyboard in Resources */,
			);
			runOnlyForDeploymentPostprocessing = 0;
		};
/* End PBXResourcesBuildPhase section */

/* Begin PBXSourcesBuildPhase section */
		53268DE71E42CBAB0077F29F /* Sources */ = {
			isa = PBXSourcesBuildPhase;
			buildActionMask = 2147483647;
			files = (
				53268E011E43B18B0077F29F /* CustomTableViewCell.swift in Sources */,
				53268E031E43C6B60077F29F /* DetailToDoViewController.swift in Sources */,
				53268DF11E42CBAB0077F29F /* ViewController.swift in Sources */,
				53268DEF1E42CBAB0077F29F /* AppDelegate.swift in Sources */,
			);
			runOnlyForDeploymentPostprocessing = 0;
		};
/* End PBXSourcesBuildPhase section */

/* Begin PBXVariantGroup section */
		53268DF21E42CBAB0077F29F /* Main.storyboard */ = {
			isa = PBXVariantGroup;
			children = (
				53268DF31E42CBAB0077F29F /* Base */,
			);
			name = Main.storyboard;
			sourceTree = "<group>";
		};
		53268DF71E42CBAB0077F29F /* LaunchScreen.storyboard */ = {
			isa = PBXVariantGroup;
			children = (
				53268DF81E42CBAB0077F29F /* Base */,
			);
			name = LaunchScreen.storyboard;
			sourceTree = "<group>";
		};
/* End PBXVariantGroup section */

/* Begin XCBuildConfiguration section */
		53268DFB1E42CBAB0077F29F /* Debug */ = {
			isa = XCBuildConfiguration;
			buildSettings = {
				ALWAYS_SEARCH_USER_PATHS = NO;
				CLANG_ANALYZER_NONNULL = YES;
				CLANG_CXX_LANGUAGE_STANDARD = "gnu++0x";
				CLANG_CXX_LIBRARY = "libc++";
				CLANG_ENABLE_MODULES = YES;
				CLANG_ENABLE_OBJC_ARC = YES;
				CLANG_WARN_BOOL_CONVERSION = YES;
				CLANG_WARN_CONSTANT_CONVERSION = YES;
				CLANG_WARN_DIRECT_OBJC_ISA_USAGE = YES_ERROR;
				CLANG_WARN_DOCUMENTATION_COMMENTS = YES;
				CLANG_WARN_EMPTY_BODY = YES;
				CLANG_WARN_ENUM_CONVERSION = YES;
				CLANG_WARN_INFINITE_RECURSION = YES;
				CLANG_WARN_INT_CONVERSION = YES;
				CLANG_WARN_OBJC_ROOT_CLASS = YES_ERROR;
				CLANG_WARN_SUSPICIOUS_MOVE = YES;
				CLANG_WARN_UNREACHABLE_CODE = YES;
				CLANG_WARN__DUPLICATE_METHOD_MATCH = YES;
				"CODE_SIGN_IDENTITY[sdk=iphoneos*]" = "iPhone Developer";
				COPY_PHASE_STRIP = NO;
				DEBUG_INFORMATION_FORMAT = dwarf;
				ENABLE_STRICT_OBJC_MSGSEND = YES;
				ENABLE_TESTABILITY = YES;
				GCC_C_LANGUAGE_STANDARD = gnu99;
				GCC_DYNAMIC_NO_PIC = NO;
				GCC_NO_COMMON_BLOCKS = YES;
				GCC_OPTIMIZATION_LEVEL = 0;
				GCC_PREPROCESSOR_DEFINITIONS = (
					"DEBUG=1",
					"$(inherited)",
				);
				GCC_WARN_64_TO_32_BIT_CONVERSION = YES;
				GCC_WARN_ABOUT_RETURN_TYPE = YES_ERROR;
				GCC_WARN_UNDECLARED_SELECTOR = YES;
				GCC_WARN_UNINITIALIZED_AUTOS = YES_AGGRESSIVE;
				GCC_WARN_UNUSED_FUNCTION = YES;
				GCC_WARN_UNUSED_VARIABLE = YES;
				IPHONEOS_DEPLOYMENT_TARGET = 10.2;
				MTL_ENABLE_DEBUG_INFO = YES;
				ONLY_ACTIVE_ARCH = YES;
				SDKROOT = iphoneos;
				SWIFT_ACTIVE_COMPILATION_CONDITIONS = DEBUG;
				SWIFT_OPTIMIZATION_LEVEL = "-Onone";
				TARGETED_DEVICE_FAMILY = "1,2";
			};
			name = Debug;
		};
		53268DFC1E42CBAB0077F29F /* Release */ = {
			isa = XCBuildConfiguration;
			buildSettings = {
				ALWAYS_SEARCH_USER_PATHS = NO;
				CLANG_ANALYZER_NONNULL = YES;
				CLANG_CXX_LANGUAGE_STANDARD = "gnu++0x";
				CLANG_CXX_LIBRARY = "libc++";
				CLANG_ENABLE_MODULES = YES;
				CLANG_ENABLE_OBJC_ARC = YES;
				CLANG_WARN_BOOL_CONVERSION = YES;
				CLANG_WARN_CONSTANT_CONVERSION = YES;
				CLANG_WARN_DIRECT_OBJC_ISA_USAGE = YES_ERROR;
				CLANG_WARN_DOCUMENTATION_COMMENTS = YES;
				CLANG_WARN_EMPTY_BODY = YES;
				CLANG_WARN_ENUM_CONVERSION = YES;
				CLANG_WARN_INFINITE_RECURSION = YES;
				CLANG_WARN_INT_CONVERSION = YES;
				CLANG_WARN_OBJC_ROOT_CLASS = YES_ERROR;
				CLANG_WARN_SUSPICIOUS_MOVE = YES;
				CLANG_WARN_UNREACHABLE_CODE = YES;
				CLANG_WARN__DUPLICATE_METHOD_MATCH = YES;
				"CODE_SIGN_IDENTITY[sdk=iphoneos*]" = "iPhone Developer";
				COPY_PHASE_STRIP = NO;
				DEBUG_INFORMATION_FORMAT = "dwarf-with-dsym";
				ENABLE_NS_ASSERTIONS = NO;
				ENABLE_STRICT_OBJC_MSGSEND = YES;
				GCC_C_LANGUAGE_STANDARD = gnu99;
				GCC_NO_COMMON_BLOCKS = YES;
				GCC_WARN_64_TO_32_BIT_CONVERSION = YES;
				GCC_WARN_ABOUT_RETURN_TYPE = YES_ERROR;
				GCC_WARN_UNDECLARED_SELECTOR = YES;
				GCC_WARN_UNINITIALIZED_AUTOS = YES_AGGRESSIVE;
				GCC_WARN_UNUSED_FUNCTION = YES;
				GCC_WARN_UNUSED_VARIABLE = YES;
				IPHONEOS_DEPLOYMENT_TARGET = 10.2;
				MTL_ENABLE_DEBUG_INFO = NO;
				SDKROOT = iphoneos;
				SWIFT_OPTIMIZATION_LEVEL = "-Owholemodule";
				TARGETED_DEVICE_FAMILY = "1,2";
				VALIDATE_PRODUCT = YES;
			};
			name = Release;
		};
		53268DFE1E42CBAB0077F29F /* Debug */ = {
			isa = XCBuildConfiguration;
			buildSettings = {
				ASSETCATALOG_COMPILER_APPICON_NAME = AppIcon;
				DEVELOPMENT_TEAM = 2BULHRS882;
				INFOPLIST_FILE = ToDoList/Info.plist;
				LD_RUNPATH_SEARCH_PATHS = "$(inherited) @executable_path/Frameworks";
				PRODUCT_BUNDLE_IDENTIFIER = "yeshamodi-300895482.ToDoList";
				PRODUCT_NAME = "$(TARGET_NAME)";
				SWIFT_VERSION = 3.0;
			};
			name = Debug;
		};
		53268DFF1E42CBAB0077F29F /* Release */ = {
			isa = XCBuildConfiguration;
			buildSettings = {
				ASSETCATALOG_COMPILER_APPICON_NAME = AppIcon;
				DEVELOPMENT_TEAM = 2BULHRS882;
				INFOPLIST_FILE = ToDoList/Info.plist;
				LD_RUNPATH_SEARCH_PATHS = "$(inherited) @executable_path/Frameworks";
				PRODUCT_BUNDLE_IDENTIFIER = "yeshamodi-300895482.ToDoList";
				PRODUCT_NAME = "$(TARGET_NAME)";
				SWIFT_VERSION = 3.0;
			};
			name = Release;
		};
/* End XCBuildConfiguration section */

/* Begin XCConfigurationList section */
		53268DE61E42CBAB0077F29F /* Build configuration list for PBXProject "ToDoList" */ = {
			isa = XCConfigurationList;
			buildConfigurations = (
				53268DFB1E42CBAB0077F29F /* Debug */,
				53268DFC1E42CBAB0077F29F /* Release */,
			);
			defaultConfigurationIsVisible = 0;
			defaultConfigurationName = Release;
		};
		53268DFD1E42CBAB0077F29F /* Build configuration list for PBXNativeTarget "ToDoList" */ = {
			isa = XCConfigurationList;
			buildConfigurations = (
				53268DFE1E42CBAB0077F29F /* Debug */,
				53268DFF1E42CBAB0077F29F /* Release */,
			);
			defaultConfigurationIsVisible = 0;
		};
/* End XCConfigurationList section */
	};
	rootObject = 53268DE31E42CBAB0077F29F /* Project object */;
}
